
Microsoft Visual Studio Solution File, Format Version 12.00
# Visual Studio Version 17
VisualStudioVersion = 17.9.34728.123
MinimumVisualStudioVersion = 10.0.40219.1
Project("{FAE04EC0-301F-11D3-BF4B-00C04F79EFBC}") = "MovieApplication", "MovieApplication\MovieApplication.csproj", "{1A279BEF-709E-443F-812E-2F6B66A2BAB1}"
EndProject
Global
	GlobalSection(SolutionConfigurationPlatforms) = preSolution
		Debug|Any CPU = Debug|Any CPU
		Release|Any CPU = Release|Any CPU
	EndGlobalSection
	GlobalSection(ProjectConfigurationPlatforms) = postSolution
		{1A279BEF-709E-443F-812E-2F6B66A2BAB1}.Debug|Any CPU.ActiveCfg = Debug|Any CPU
		{1A279BEF-709E-443F-812E-2F6B66A2BAB1}.Debug|Any CPU.Build.0 = Debug|Any CPU
		{1A279BEF-709E-443F-812E-2F6B66A2BAB1}.Release|Any CPU.ActiveCfg = Release|Any CPU
		{1A279BEF-709E-443F-812E-2F6B66A2BAB1}.Release|Any CPU.Build.0 = Release|Any CPU
	EndGlobalSection
	GlobalSection(SolutionProperties) = preSolution
		HideSolutionNode = FALSE
	EndGlobalSection
	GlobalSection(ExtensibilityGlobals) = postSolution
		SolutionGuid = {C9A53466-DF68-4226-A753-42BAAF1A4A3B}
	EndGlobalSection
EndGlobal
